<Solution>
  <Project Path="CTEditor.GameDefinition.csproj" />
  <Project Path="CTEditor.Party.Domain.csproj" />
  <Project Path="CTEditor.GameDefinition.Editor.csproj" />
  <Project Path="CTEditor.GameDefinition.Domain.csproj" />
  <Project Path="CTEditor.Battle.Domain.csproj" />
  <Project Path="CTEditor.SharedKernel.csproj" />
  <Project Path="CTEditor.GameContracts.csproj" />
  <Project Path="CTEditor.Bootstrap.csproj" />
  <Project Path="CTEditor.Eventing.Domain.csproj" />
  <Project Path="CTEditor.Tests.EditMode.csproj" />
</Solution>
